
Microsoft Visual Studio Solution File, Format Version 12.00
# Visual Studio Version 17
VisualStudioVersion = 17.7.34018.315
MinimumVisualStudioVersion = 10.0.40219.1
Project("{8BC9CEB8-8B4A-11D0-8D11-00A0C91BC942}") = "plan gaem", "plan gaem\plan gaem.vcxproj", "{E7A98856-DF7B-452D-AD5A-5D599DF4DDB6}"
EndProject
Project("{54435603-DBB4-11D2-8724-00A0C9A8B90C}") = "plan", "..\..\game\plan\plan.vdproj", "{850C53AE-B5A4-404F-9053-AD7625FF3038}"
EndProject
Global
	GlobalSection(SolutionConfigurationPlatforms) = preSolution
		Debug|x64 = Debug|x64
		Debug|x86 = Debug|x86
		Release|x64 = Release|x64
		Release|x86 = Release|x86
	EndGlobalSection
	GlobalSection(ProjectConfigurationPlatforms) = postSolution
		{E7A98856-DF7B-452D-AD5A-5D599DF4DDB6}.Debug|x64.ActiveCfg = Debug|x64
		{E7A98856-DF7B-452D-AD5A-5D599DF4DDB6}.Debug|x64.Build.0 = Debug|x64
		{E7A98856-DF7B-452D-AD5A-5D599DF4DDB6}.Debug|x86.ActiveCfg = Debug|Win32
		{E7A98856-DF7B-452D-AD5A-5D599DF4DDB6}.Debug|x86.Build.0 = Debug|Win32
		{E7A98856-DF7B-452D-AD5A-5D599DF4DDB6}.Release|x64.ActiveCfg = Release|x64
		{E7A98856-DF7B-452D-AD5A-5D599DF4DDB6}.Release|x64.Build.0 = Release|x64
		{E7A98856-DF7B-452D-AD5A-5D599DF4DDB6}.Release|x86.ActiveCfg = Release|Win32
		{E7A98856-DF7B-452D-AD5A-5D599DF4DDB6}.Release|x86.Build.0 = Release|Win32
		{850C53AE-B5A4-404F-9053-AD7625FF3038}.Debug|x64.ActiveCfg = Debug
		{850C53AE-B5A4-404F-9053-AD7625FF3038}.Debug|x86.ActiveCfg = Debug
		{850C53AE-B5A4-404F-9053-AD7625FF3038}.Release|x64.ActiveCfg = Release
		{850C53AE-B5A4-404F-9053-AD7625FF3038}.Release|x86.ActiveCfg = Release
	EndGlobalSection
	GlobalSection(SolutionProperties) = preSolution
		HideSolutionNode = FALSE
	EndGlobalSection
	GlobalSection(ExtensibilityGlobals) = postSolution
		SolutionGuid = {A1CD58E8-5772-4728-99E5-EB617404F74E}
	EndGlobalSection
EndGlobal
